<?xml version="1.0" encoding="utf-8"?>
<Project ToolsVersion="4.0" xmlns="http://schemas.microsoft.com/developer/msbuild/2003">
  <ItemGroup>
    <Filter Include="src">
      <UniqueIdentifier>{9a4ef2f7-2ab6-417a-a27c-78b5c0cdfe67}</UniqueIdentifier>
    </Filter>
    <Filter Include="src\BaseGame">
      <UniqueIdentifier>{cb6ef1c5-83bc-46f8-bf71-af86c3e1f921}</UniqueIdentifier>
    </Filter>
    <Filter Include="src\Renderer">
      <UniqueIdentifier>{c9344503-a429-4a02-8c58-485130c1c188}</UniqueIdentifier>
    </Filter>
    <Filter Include="src\Window">
      <UniqueIdentifier>{862cdb09-4253-432f-9c03-3ebf2aa90eb4}</UniqueIdentifier>
    </Filter>
  </ItemGroup>
  <ItemGroup>
    <ClCompile Include="src\BaseGame\BaseGame.cpp">
      <Filter>src\BaseGame</Filter>
    </ClCompile>
    <ClCompile Include="src\Window\Window.cpp">
      <Filter>src\Window</Filter>
    </ClCompile>
    <ClCompile Include="src\Renderer\Renderer.cpp">
      <Filter>src\Renderer</Filter>
    </ClCompile>
  </ItemGroup>
  <ItemGroup>
    <ClInclude Include="src\BaseGame\BaseGame.h">
      <Filter>src\BaseGame</Filter>
    </ClInclude>
    <ClInclude Include="src\Window\Window.h">
      <Filter>src\Window</Filter>
    </ClInclude>
    <ClInclude Include="src\Renderer\Renderer.h">
      <Filter>src\Renderer</Filter>
    </ClInclude>
    <ClInclude Include="src\Export.h">
      <Filter>src</Filter>
    </ClInclude>
  </ItemGroup>
</Project>