<?xml version="1.0" encoding="utf-8"?>
<Project ToolsVersion="4.0" xmlns="http://schemas.microsoft.com/developer/msbuild/2003">
  <ItemGroup>
    <Filter Include="src">
      <UniqueIdentifier>{9a4ef2f7-2ab6-417a-a27c-78b5c0cdfe67}</UniqueIdentifier>
    </Filter>
    <Filter Include="src\BaseGame">
      <UniqueIdentifier>{cb6ef1c5-83bc-46f8-bf71-af86c3e1f921}</UniqueIdentifier>
    </Filter>
    <Filter Include="src\Renderer">
      <UniqueIdentifier>{c9344503-a429-4a02-8c58-485130c1c188}</UniqueIdentifier>
    </Filter>
    <Filter Include="src\Window">
      <UniqueIdentifier>{862cdb09-4253-432f-9c03-3ebf2aa90eb4}</UniqueIdentifier>
    </Filter>
    <Filter Include="src\Material">
      <UniqueIdentifier>{a705c870-6c29-41ca-a483-ecfb874b1fee}</UniqueIdentifier>
    </Filter>
    <Filter Include="src\Shape">
      <UniqueIdentifier>{be28f731-77be-4a48-9556-f958a403ae3d}</UniqueIdentifier>
    </Filter>
    <Filter Include="src\Animation">
      <UniqueIdentifier>{f28175ee-9ebc-4a0f-bd80-a3407c2f6aa6}</UniqueIdentifier>
    </Filter>
    <Filter Include="src\CollisionManager">
      <UniqueIdentifier>{97653903-1432-42ab-ba46-b58af4a69acb}</UniqueIdentifier>
    </Filter>
    <Filter Include="src\Entity">
      <UniqueIdentifier>{601f8e80-2dd6-4ef0-8a18-9e9966cc9e2a}</UniqueIdentifier>
    </Filter>
    <Filter Include="src\Entity2D">
      <UniqueIdentifier>{cfc1718a-c4cb-4c1a-81b1-f02ac47aceb9}</UniqueIdentifier>
    </Filter>
    <Filter Include="src\Input">
      <UniqueIdentifier>{9ddc501d-61ff-4bbc-be62-cb2f5208c646}</UniqueIdentifier>
    </Filter>
    <Filter Include="src\Sprite">
      <UniqueIdentifier>{b90153af-9aeb-44e0-b0fb-f7c49489d867}</UniqueIdentifier>
    </Filter>
    <Filter Include="src\TextureImporter">
      <UniqueIdentifier>{b854ea2e-4626-4dd3-a853-bda138f57767}</UniqueIdentifier>
    </Filter>
    <Filter Include="src\TileMap">
      <UniqueIdentifier>{9a8e614a-9b95-4f30-ab52-f97a8cadb165}</UniqueIdentifier>
    </Filter>
    <Filter Include="res">
      <UniqueIdentifier>{4567d169-d70b-48f3-b140-55e2b7bcbf6f}</UniqueIdentifier>
    </Filter>
  </ItemGroup>
  <ItemGroup>
    <ClCompile Include="src\BaseGame\BaseGame.cpp">
      <Filter>src\BaseGame</Filter>
    </ClCompile>
    <ClCompile Include="src\Window\Window.cpp">
      <Filter>src\Window</Filter>
    </ClCompile>
    <ClCompile Include="src\Renderer\Renderer.cpp">
      <Filter>src\Renderer</Filter>
    </ClCompile>
    <ClCompile Include="src\Material\Material.cpp">
      <Filter>src\Material</Filter>
    </ClCompile>
    <ClCompile Include="src\CollisionManager\CollisionManager.cpp">
      <Filter>src\CollisionManager</Filter>
    </ClCompile>
    <ClCompile Include="src\Animation\Animation.cpp">
      <Filter>src\Animation</Filter>
    </ClCompile>
    <ClCompile Include="src\Input\Input.cpp">
      <Filter>src\Input</Filter>
    </ClCompile>
    <ClCompile Include="src\TextureImporter\TextureImporter.cpp">
      <Filter>src\TextureImporter</Filter>
    </ClCompile>
    <ClCompile Include="src\TileMap\TileMap.cpp">
      <Filter>src\TileMap</Filter>
    </ClCompile>
    <ClCompile Include="src\Entity\Entity.cpp">
      <Filter>src\Entity</Filter>
    </ClCompile>
    <ClCompile Include="src\Entity2D\Entity2D.cpp">
      <Filter>src\Entity2D</Filter>
    </ClCompile>
    <ClCompile Include="src\Sprite\Sprite.cpp">
      <Filter>src\Sprite</Filter>
    </ClCompile>
    <ClCompile Include="src\Shape\Shape.cpp">
      <Filter>src\Shape</Filter>
    </ClCompile>
  </ItemGroup>
  <ItemGroup>
    <ClInclude Include="src\BaseGame\BaseGame.h">
      <Filter>src\BaseGame</Filter>
    </ClInclude>
    <ClInclude Include="src\Window\Window.h">
      <Filter>src\Window</Filter>
    </ClInclude>
    <ClInclude Include="src\Renderer\Renderer.h">
      <Filter>src\Renderer</Filter>
    </ClInclude>
    <ClInclude Include="src\Export.h">
      <Filter>src</Filter>
    </ClInclude>
    <ClInclude Include="src\Material\Material.h">
      <Filter>src\Material</Filter>
    </ClInclude>
    <ClInclude Include="src\CollisionManager\CollisionManager.h">
      <Filter>src\CollisionManager</Filter>
    </ClInclude>
    <ClInclude Include="src\Animation\Animation.h">
      <Filter>src\Animation</Filter>
    </ClInclude>
    <ClInclude Include="src\Input\Input.h">
      <Filter>src\Input</Filter>
    </ClInclude>
    <ClInclude Include="src\TextureImporter\TextureImporter.h">
      <Filter>src\TextureImporter</Filter>
    </ClInclude>
    <ClInclude Include="src\TileMap\TileMap.h">
      <Filter>src\TileMap</Filter>
    </ClInclude>
    <ClInclude Include="src\Entity\Entity.h">
      <Filter>src\Entity</Filter>
    </ClInclude>
    <ClInclude Include="src\Entity2D\Entity2D.h">
      <Filter>src\Entity2D</Filter>
    </ClInclude>
    <ClInclude Include="src\Sprite\Sprite.h">
      <Filter>src\Sprite</Filter>
    </ClInclude>
    <ClInclude Include="src\Shape\Shape.h">
      <Filter>src\Shape</Filter>
    </ClInclude>
    <ClInclude Include="src\Keycodes.h">
      <Filter>src</Filter>
    </ClInclude>
  </ItemGroup>
  <ItemGroup>
    <None Include="..\BT_Game\shaders\Basic.shader">
      <Filter>res</Filter>
    </None>
  </ItemGroup>
</Project>